
Microsoft Visual Studio Solution File, Format Version 12.00
# Visual Studio 15
VisualStudioVersion = 15.0.27102.0
MinimumVisualStudioVersion = 10.0.40219.1
Project("{8BC9CEB8-8B4A-11D0-8D11-00A0C91BC942}") = "Engine", "Engine\Engine.vcxproj", "{23AF71CA-C750-46E3-B59E-E4F439B7B122}"
EndProject
Project("{2150E333-8FDC-42A3-9474-1A3956D46DE8}") = "Solution Items", "Solution Items", "{BC3648BA-5F72-41CD-A8C4-FA6DEC8A74D1}"
	ProjectSection(SolutionItems) = preProject
		LICENSE = LICENSE
		ProjectPlan.md = ProjectPlan.md
		README.md = README.md
	EndProjectSection
EndProject
Project("{8BC9CEB8-8B4A-11D0-8D11-00A0C91BC942}") = "UnitTests", "UnitTests\UnitTests.vcxproj", "{262D9C29-6B68-4CB9-9465-1AEEDA187A0A}"
	ProjectSection(ProjectDependencies) = postProject
		{23AF71CA-C750-46E3-B59E-E4F439B7B122} = {23AF71CA-C750-46E3-B59E-E4F439B7B122}
	EndProjectSection
EndProject
Project("{8BC9CEB8-8B4A-11D0-8D11-00A0C91BC942}") = "TestGM", "Examples\TestGM\TestGM.vcxproj", "{7BA9C7BA-7864-4553-8CCD-C535B7170664}"
	ProjectSection(ProjectDependencies) = postProject
		{23AF71CA-C750-46E3-B59E-E4F439B7B122} = {23AF71CA-C750-46E3-B59E-E4F439B7B122}
	EndProjectSection
EndProject
Project("{2150E333-8FDC-42A3-9474-1A3956D46DE8}") = "Examples", "Examples", "{EB2F613B-D0FC-4585-BD1C-7F582D440786}"
EndProject
Project("{2150E333-8FDC-42A3-9474-1A3956D46DE8}") = "Extensions", "Extensions", "{22E7E37A-4523-4B46-A7F5-2780FFE5B5B1}"
EndProject
Project("{8BC9CEB8-8B4A-11D0-8D11-00A0C91BC942}") = "InputConverter", "Extensions\InputConverter\InputConverter.vcxproj", "{72E297D6-3282-48D1-8C97-960E156858E1}"
EndProject
Global
	GlobalSection(SolutionConfigurationPlatforms) = preSolution
		Debug|x64 = Debug|x64
		Debug|x86 = Debug|x86
		Release|x64 = Release|x64
		Release|x86 = Release|x86
	EndGlobalSection
	GlobalSection(ProjectConfigurationPlatforms) = postSolution
		{23AF71CA-C750-46E3-B59E-E4F439B7B122}.Debug|x64.ActiveCfg = Debug|x64
		{23AF71CA-C750-46E3-B59E-E4F439B7B122}.Debug|x64.Build.0 = Debug|x64
		{23AF71CA-C750-46E3-B59E-E4F439B7B122}.Debug|x86.ActiveCfg = Debug|Win32
		{23AF71CA-C750-46E3-B59E-E4F439B7B122}.Debug|x86.Build.0 = Debug|Win32
		{23AF71CA-C750-46E3-B59E-E4F439B7B122}.Release|x64.ActiveCfg = Release|x64
		{23AF71CA-C750-46E3-B59E-E4F439B7B122}.Release|x64.Build.0 = Release|x64
		{23AF71CA-C750-46E3-B59E-E4F439B7B122}.Release|x86.ActiveCfg = Release|Win32
		{23AF71CA-C750-46E3-B59E-E4F439B7B122}.Release|x86.Build.0 = Release|Win32
		{262D9C29-6B68-4CB9-9465-1AEEDA187A0A}.Debug|x64.ActiveCfg = Debug|x64
		{262D9C29-6B68-4CB9-9465-1AEEDA187A0A}.Debug|x64.Build.0 = Debug|x64
		{262D9C29-6B68-4CB9-9465-1AEEDA187A0A}.Debug|x86.ActiveCfg = Debug|Win32
		{262D9C29-6B68-4CB9-9465-1AEEDA187A0A}.Debug|x86.Build.0 = Debug|Win32
		{262D9C29-6B68-4CB9-9465-1AEEDA187A0A}.Release|x64.ActiveCfg = Release|x64
		{262D9C29-6B68-4CB9-9465-1AEEDA187A0A}.Release|x64.Build.0 = Release|x64
		{262D9C29-6B68-4CB9-9465-1AEEDA187A0A}.Release|x86.ActiveCfg = Release|Win32
		{262D9C29-6B68-4CB9-9465-1AEEDA187A0A}.Release|x86.Build.0 = Release|Win32
		{7BA9C7BA-7864-4553-8CCD-C535B7170664}.Debug|x64.ActiveCfg = Debug|x64
		{7BA9C7BA-7864-4553-8CCD-C535B7170664}.Debug|x64.Build.0 = Debug|x64
		{7BA9C7BA-7864-4553-8CCD-C535B7170664}.Debug|x86.ActiveCfg = Debug|Win32
		{7BA9C7BA-7864-4553-8CCD-C535B7170664}.Debug|x86.Build.0 = Debug|Win32
		{7BA9C7BA-7864-4553-8CCD-C535B7170664}.Release|x64.ActiveCfg = Release|x64
		{7BA9C7BA-7864-4553-8CCD-C535B7170664}.Release|x64.Build.0 = Release|x64
		{7BA9C7BA-7864-4553-8CCD-C535B7170664}.Release|x86.ActiveCfg = Release|Win32
		{7BA9C7BA-7864-4553-8CCD-C535B7170664}.Release|x86.Build.0 = Release|Win32
		{72E297D6-3282-48D1-8C97-960E156858E1}.Debug|x64.ActiveCfg = Debug|x64
		{72E297D6-3282-48D1-8C97-960E156858E1}.Debug|x64.Build.0 = Debug|x64
		{72E297D6-3282-48D1-8C97-960E156858E1}.Debug|x86.ActiveCfg = Debug|Win32
		{72E297D6-3282-48D1-8C97-960E156858E1}.Debug|x86.Build.0 = Debug|Win32
		{72E297D6-3282-48D1-8C97-960E156858E1}.Release|x64.ActiveCfg = Release|x64
		{72E297D6-3282-48D1-8C97-960E156858E1}.Release|x64.Build.0 = Release|x64
		{72E297D6-3282-48D1-8C97-960E156858E1}.Release|x86.ActiveCfg = Release|Win32
		{72E297D6-3282-48D1-8C97-960E156858E1}.Release|x86.Build.0 = Release|Win32
	EndGlobalSection
	GlobalSection(SolutionProperties) = preSolution
		HideSolutionNode = FALSE
	EndGlobalSection
	GlobalSection(NestedProjects) = preSolution
		{7BA9C7BA-7864-4553-8CCD-C535B7170664} = {EB2F613B-D0FC-4585-BD1C-7F582D440786}
		{72E297D6-3282-48D1-8C97-960E156858E1} = {22E7E37A-4523-4B46-A7F5-2780FFE5B5B1}
	EndGlobalSection
	GlobalSection(ExtensibilityGlobals) = postSolution
		SolutionGuid = {D6DFD6F0-66BE-45F3-A644-B850B7633DBF}
	EndGlobalSection
EndGlobal
