<?xml version="1.0" encoding="utf-8"?>
<Project ToolsVersion="4.0" xmlns="http://schemas.microsoft.com/developer/msbuild/2003">
  <ItemGroup>
    <Filter Include="Source Files">
      <UniqueIdentifier>{4FC737F1-C7A5-4376-A066-2A32D752A2FF}</UniqueIdentifier>
      <Extensions>cpp;c;cc;cxx;def;odl;idl;hpj;bat;asm;asmx</Extensions>
    </Filter>
    <Filter Include="Header Files">
      <UniqueIdentifier>{93995380-89BD-4b04-88EB-625FBE52EBFB}</UniqueIdentifier>
      <Extensions>h;hh;hpp;hxx;hm;inl;inc;xsd</Extensions>
    </Filter>
    <Filter Include="Resource Files">
      <UniqueIdentifier>{67DA6AB6-F800-4c08-8B7A-83BB121AAD01}</UniqueIdentifier>
      <Extensions>rc;ico;cur;bmp;dlg;rc2;rct;bin;rgs;gif;jpg;jpeg;jpe;resx;tiff;tif;png;wav;mfcribbon-ms</Extensions>
    </Filter>
    <Filter Include="Header Files\Server">
      <UniqueIdentifier>{ff870dec-4209-48ee-9a41-440d9538f869}</UniqueIdentifier>
    </Filter>
    <Filter Include="Source Files\Server">
      <UniqueIdentifier>{fd1c745e-839a-42b7-9113-96e6db636b4d}</UniqueIdentifier>
    </Filter>
    <Filter Include="Header Files\Core">
      <UniqueIdentifier>{5cc7a757-41a5-49c5-8cd4-be1817acbb16}</UniqueIdentifier>
    </Filter>
    <Filter Include="DependenciesBuild">
      <UniqueIdentifier>{3d33edb0-c425-424a-b964-5931eb88cd7f}</UniqueIdentifier>
    </Filter>
    <Filter Include="DependenciesBuild\SampGDK">
      <UniqueIdentifier>{2da997e3-48cd-4147-b87e-961caeb5d4e4}</UniqueIdentifier>
    </Filter>
    <Filter Include="DependenciesBuild\SampGDK\AMX">
      <UniqueIdentifier>{df1ca02c-7c27-4765-95b0-ce90a02f0144}</UniqueIdentifier>
    </Filter>
    <Filter Include="Header Files\Core\BasicInterfaces">
      <UniqueIdentifier>{a540c5cb-dcb3-48e3-9cff-a665760050c2}</UniqueIdentifier>
    </Filter>
    <Filter Include="Header Files\Core\Container">
      <UniqueIdentifier>{c7fe5ae4-8ada-419a-bac0-e55bb7337205}</UniqueIdentifier>
    </Filter>
    <Filter Include="Header Files\Core\Text">
      <UniqueIdentifier>{af55fdb0-8392-495b-bede-07cdf2b49d8f}</UniqueIdentifier>
    </Filter>
    <Filter Include="Header Files\Server\Player">
      <UniqueIdentifier>{64e7bb01-e645-4411-ab6b-6d0eb406f944}</UniqueIdentifier>
    </Filter>
    <Filter Include="Header Files\Dependencies">
      <UniqueIdentifier>{6a56c372-6b42-47a4-bd82-fe1975ccc954}</UniqueIdentifier>
    </Filter>
    <Filter Include="Header Files\World">
      <UniqueIdentifier>{55fc8ade-186c-4a9b-bdf3-2ca3ca069fc2}</UniqueIdentifier>
    </Filter>
    <Filter Include="Header Files\World\Streamer">
      <UniqueIdentifier>{b2bb0316-d28a-4750-9985-b6e9d4ccc3e4}</UniqueIdentifier>
    </Filter>
    <Filter Include="Header Files\World\Streamer\Wrappers">
      <UniqueIdentifier>{77c8281d-36dd-4e00-9637-386f96699e42}</UniqueIdentifier>
    </Filter>
    <Filter Include="Precompiled Header">
      <UniqueIdentifier>{ca57829c-777c-4503-9b5a-95edd084d608}</UniqueIdentifier>
    </Filter>
    <Filter Include="Source Files\Core">
      <UniqueIdentifier>{f754089f-5239-4b48-85ba-e0adf32aa8c7}</UniqueIdentifier>
    </Filter>
    <Filter Include="Source Files\Core\BasicInterfaces">
      <UniqueIdentifier>{e74b48f0-c3bf-4c21-bd55-8d348d168b04}</UniqueIdentifier>
    </Filter>
    <Filter Include="Source Files\Core\Text">
      <UniqueIdentifier>{7d34dff5-2aec-479e-b3ba-0ae42b814a43}</UniqueIdentifier>
    </Filter>
    <Filter Include="Source Files\Server\Command">
      <UniqueIdentifier>{4c3c43ef-6e4c-4553-a7ee-a9827b83dfec}</UniqueIdentifier>
    </Filter>
    <Filter Include="Header Files\Server\Command">
      <UniqueIdentifier>{f7a92f79-c6cd-4008-a3a2-f743011426cb}</UniqueIdentifier>
    </Filter>
    <Filter Include="Source Files\Server\Player">
      <UniqueIdentifier>{a4a75af0-17bc-41a4-8dd7-4bbab3b2d74f}</UniqueIdentifier>
    </Filter>
    <Filter Include="Source Files\World">
      <UniqueIdentifier>{d12ef810-5478-41c3-af9c-2cd3ced5248e}</UniqueIdentifier>
    </Filter>
    <Filter Include="Source Files\World\Streamer">
      <UniqueIdentifier>{a24f1ee1-7633-4d09-846a-31b5810e3030}</UniqueIdentifier>
    </Filter>
    <Filter Include="Source Files\World\Streamer\Wrappers">
      <UniqueIdentifier>{45be3ce9-8326-4a83-81c2-e32315485f9d}</UniqueIdentifier>
    </Filter>
    <Filter Include="Source Files\World\Node">
      <UniqueIdentifier>{753f4588-ac2f-45ed-88ba-9099b84676d9}</UniqueIdentifier>
    </Filter>
    <Filter Include="Header Files\World\Node">
      <UniqueIdentifier>{f48e37a6-486b-4fcc-a279-01292aa7fab1}</UniqueIdentifier>
    </Filter>
    <Filter Include="Header Files\World\MapObject">
      <UniqueIdentifier>{bcb25edd-f248-4019-bcaf-ab34bc3b1ddf}</UniqueIdentifier>
    </Filter>
    <Filter Include="Source Files\World\MapObject">
      <UniqueIdentifier>{b03a4d04-681d-443e-a298-449f2cf2907c}</UniqueIdentifier>
    </Filter>
    <Filter Include="Header Files\Server\TextDraw">
      <UniqueIdentifier>{723a7b63-24a4-4683-aef8-12feb18ad200}</UniqueIdentifier>
    </Filter>
    <Filter Include="Source Files\Server\TextDraw">
      <UniqueIdentifier>{eb599bf7-6d1a-4d05-9011-a4fa8e4cab7b}</UniqueIdentifier>
    </Filter>
  </ItemGroup>
  <ItemGroup>
    <ClInclude Include="..\Dependencies\sampgdk\plugin.h">
      <Filter>DependenciesBuild\SampGDK</Filter>
    </ClInclude>
    <ClInclude Include="..\Dependencies\sampgdk\plugincommon.h">
      <Filter>DependenciesBuild\SampGDK</Filter>
    </ClInclude>
    <ClInclude Include="..\Dependencies\sampgdk\sampgdk.h">
      <Filter>DependenciesBuild\SampGDK</Filter>
    </ClInclude>
    <ClInclude Include="..\Dependencies\sampgdk\amx\amx.h">
      <Filter>DependenciesBuild\SampGDK\AMX</Filter>
    </ClInclude>
    <ClInclude Include="..\Dependencies\sampgdk\amx\getch.h">
      <Filter>DependenciesBuild\SampGDK\AMX</Filter>
    </ClInclude>
    <ClInclude Include="..\Dependencies\sampgdk\amx\sclinux.h">
      <Filter>DependenciesBuild\SampGDK\AMX</Filter>
    </ClInclude>
    <ClInclude Include="include\SAMP-EDGEngine\Core\BasicInterfaces\NonCopyable.hpp">
      <Filter>Header Files\Core\BasicInterfaces</Filter>
    </ClInclude>
    <ClInclude Include="include\SAMP-EDGEngine\Core\BasicInterfaces\PlacementTracker.hpp">
      <Filter>Header Files\Core\BasicInterfaces</Filter>
    </ClInclude>
    <ClInclude Include="include\SAMP-EDGEngine\Core\BasicInterfaces\Streamer.hpp">
      <Filter>Header Files\Core\BasicInterfaces</Filter>
    </ClInclude>
    <ClInclude Include="include\SAMP-EDGEngine\Core\BasicInterfaces\Updatable.hpp">
      <Filter>Header Files\Core\BasicInterfaces</Filter>
    </ClInclude>
    <ClInclude Include="include\SAMP-EDGEngine\Core\Container\DivisibleGrid2.hpp">
      <Filter>Header Files\Core\Container</Filter>
    </ClInclude>
    <ClInclude Include="include\SAMP-EDGEngine\Core\Container\DivisibleGrid3.hpp">
      <Filter>Header Files\Core\Container</Filter>
    </ClInclude>
    <ClInclude Include="include\SAMP-EDGEngine\Core\Text\ASCII.hpp">
      <Filter>Header Files\Core\Text</Filter>
    </ClInclude>
    <ClInclude Include="include\SAMP-EDGEngine\Core\Text\Essentials.hpp">
      <Filter>Header Files\Core\Text</Filter>
    </ClInclude>
    <ClInclude Include="include\SAMP-EDGEngine\Core\Text\StreamAlgorithm.hpp">
      <Filter>Header Files\Core\Text</Filter>
    </ClInclude>
    <ClInclude Include="include\SAMP-EDGEngine\Core\Text\StreamLoader.hpp">
      <Filter>Header Files\Core\Text</Filter>
    </ClInclude>
    <ClInclude Include="include\SAMP-EDGEngine\Core\Text\TokenIterator.hpp">
      <Filter>Header Files\Core\Text</Filter>
    </ClInclude>
    <ClInclude Include="include\SAMP-EDGEngine\Core\Actions.hpp">
      <Filter>Header Files\Core</Filter>
    </ClInclude>
    <ClInclude Include="include\SAMP-EDGEngine\Core\BasicInterfacesInc.hpp">
      <Filter>Header Files\Core</Filter>
    </ClInclude>
    <ClInclude Include="include\SAMP-EDGEngine\Core\Clock.hpp">
      <Filter>Header Files\Core</Filter>
    </ClInclude>
    <ClInclude Include="include\SAMP-EDGEngine\Core\Color.hpp">
      <Filter>Header Files\Core</Filter>
    </ClInclude>
    <ClInclude Include="include\SAMP-EDGEngine\Core\Events.hpp">
      <Filter>Header Files\Core</Filter>
    </ClInclude>
    <ClInclude Include="include\SAMP-EDGEngine\Core\Exceptions.hpp">
      <Filter>Header Files\Core</Filter>
    </ClInclude>
    <ClInclude Include="include\SAMP-EDGEngine\Core\Placement.hpp">
      <Filter>Header Files\Core</Filter>
    </ClInclude>
    <ClInclude Include="include\SAMP-EDGEngine\Core\TextInc.hpp">
      <Filter>Header Files\Core</Filter>
    </ClInclude>
    <ClInclude Include="include\SAMP-EDGEngine\Core\TypeTraits.hpp">
      <Filter>Header Files\Core</Filter>
    </ClInclude>
    <ClInclude Include="include\SAMP-EDGEngine\Dependencies\QuickMaffs.hpp">
      <Filter>Header Files\Dependencies</Filter>
    </ClInclude>
    <ClInclude Include="include\SAMP-EDGEngine\Dependencies\SampGDK.hpp">
      <Filter>Header Files\Dependencies</Filter>
    </ClInclude>
    <ClInclude Include="include\SAMP-EDGEngine\Server\Chat.hpp">
      <Filter>Header Files\Server</Filter>
    </ClInclude>
    <ClInclude Include="include\SAMP-EDGEngine\Server\Command.hpp">
      <Filter>Header Files\Server\Command</Filter>
    </ClInclude>
    <ClInclude Include="include\SAMP-EDGEngine\Server\CommandManager.hpp">
      <Filter>Header Files\Server\Command</Filter>
    </ClInclude>
    <ClInclude Include="include\SAMP-EDGEngine\Server\GameMode.hpp">
      <Filter>Header Files\Server</Filter>
    </ClInclude>
    <ClInclude Include="include\SAMP-EDGEngine\Server\Keyboard.hpp">
      <Filter>Header Files\Server\Player</Filter>
    </ClInclude>
    <ClInclude Include="include\SAMP-EDGEngine\Server\Player.hpp">
      <Filter>Header Files\Server\Player</Filter>
    </ClInclude>
    <ClInclude Include="include\SAMP-EDGEngine\Server\PlayerPool.hpp">
      <Filter>Header Files\Server\Player</Filter>
    </ClInclude>
    <ClInclude Include="include\SAMP-EDGEngine\Server\Server.hpp">
      <Filter>Header Files\Server</Filter>
    </ClInclude>
    <ClInclude Include="include\SAMP-EDGEngine\Server\Teleport.hpp">
      <Filter>Header Files\Server</Filter>
    </ClInclude>
    <ClInclude Include="include\SAMP-EDGEngine\Server\Weapon.hpp">
      <Filter>Header Files\Server</Filter>
    </ClInclude>
    <ClInclude Include="include\SAMP-EDGEngine\World\Streamer\Chunk.hpp">
      <Filter>Header Files\World\Streamer</Filter>
    </ClInclude>
    <ClInclude Include="include\SAMP-EDGEngine\World\Streamer\ChunkActor.hpp">
      <Filter>Header Files\World\Streamer</Filter>
    </ClInclude>
    <ClInclude Include="include\SAMP-EDGEngine\World\Streamer\GlobalActorWrapper.hpp">
      <Filter>Header Files\World\Streamer\Wrappers</Filter>
    </ClInclude>
    <ClInclude Include="include\SAMP-EDGEngine\World\Streamer\GlobalObjectWrapper.hpp">
      <Filter>Header Files\World\Streamer\Wrappers</Filter>
    </ClInclude>
    <ClInclude Include="include\SAMP-EDGEngine\World\Streamer\PersonalObjectWrapper.hpp">
      <Filter>Header Files\World\Streamer\Wrappers</Filter>
    </ClInclude>
    <ClInclude Include="include\SAMP-EDGEngine\World\Streamer\PlayerWrapper.hpp">
      <Filter>Header Files\World\Streamer\Wrappers</Filter>
    </ClInclude>
    <ClInclude Include="include\SAMP-EDGEngine\World\Streamer\Streamer.hpp">
      <Filter>Header Files\World\Streamer</Filter>
    </ClInclude>
    <ClInclude Include="include\SAMP-EDGEngine\World\Streamer\StreamerSettings.hpp">
      <Filter>Header Files\World\Streamer</Filter>
    </ClInclude>
    <ClInclude Include="include\SAMP-EDGEngine\World\Streamer\UniversalObjectWrapper.hpp">
      <Filter>Header Files\World\Streamer\Wrappers</Filter>
    </ClInclude>
    <ClInclude Include="include\SAMP-EDGEngine\World\Streamer\VehicleWrapper.hpp">
      <Filter>Header Files\World\Streamer\Wrappers</Filter>
    </ClInclude>
    <ClInclude Include="include\SAMP-EDGEngine\World\3DNode.hpp">
      <Filter>Header Files\World\Node</Filter>
    </ClInclude>
    <ClInclude Include="include\SAMP-EDGEngine\World\Checkpoint.hpp">
      <Filter>Header Files\World</Filter>
    </ClInclude>
    <ClInclude Include="include\SAMP-EDGEngine\World\GangZone.hpp">
      <Filter>Header Files\World</Filter>
    </ClInclude>
    <ClInclude Include="include\SAMP-EDGEngine\World\GlobalObject.hpp">
      <Filter>Header Files\World\MapObject</Filter>
    </ClInclude>
    <ClInclude Include="include\SAMP-EDGEngine\World\Map.hpp">
      <Filter>Header Files\World</Filter>
    </ClInclude>
    <ClInclude Include="include\SAMP-EDGEngine\World\MapObject.hpp">
      <Filter>Header Files\World</Filter>
    </ClInclude>
    <ClInclude Include="include\SAMP-EDGEngine\World\PerPlayerObject.hpp">
      <Filter>Header Files\World\MapObject</Filter>
    </ClInclude>
    <ClInclude Include="include\SAMP-EDGEngine\World\PersonalObject.hpp">
      <Filter>Header Files\World\MapObject</Filter>
    </ClInclude>
    <ClInclude Include="include\SAMP-EDGEngine\World\Pickup.hpp">
      <Filter>Header Files\World</Filter>
    </ClInclude>
    <ClInclude Include="include\SAMP-EDGEngine\World\RemovedBuilding.hpp">
      <Filter>Header Files\World</Filter>
    </ClInclude>
    <ClInclude Include="include\SAMP-EDGEngine\World\Scene.hpp">
      <Filter>Header Files\World</Filter>
    </ClInclude>
    <ClInclude Include="include\SAMP-EDGEngine\World\UniversalObject.hpp">
      <Filter>Header Files\World\MapObject</Filter>
    </ClInclude>
    <ClInclude Include="include\SAMP-EDGEngine\World\Vehicle.hpp">
      <Filter>Header Files\World</Filter>
    </ClInclude>
    <ClInclude Include="include\SAMP-EDGEngine\World\WI3DNode.hpp">
      <Filter>Header Files\World\Node</Filter>
    </ClInclude>
    <ClInclude Include="include\SAMP-EDGEngine\Everything.hpp">
      <Filter>Header Files</Filter>
    </ClInclude>
    <ClInclude Include="EnginePCH.hpp">
      <Filter>Precompiled Header</Filter>
    </ClInclude>
    <ClInclude Include="include\SAMP-EDGEngine\World\RaceCheckpoint.hpp">
      <Filter>Header Files\World</Filter>
    </ClInclude>
    <ClInclude Include="include\SAMP-EDGEngine\World\WI3DStreamableNode.hpp">
      <Filter>Header Files\World</Filter>
    </ClInclude>
    <ClInclude Include="include\SAMP-EDGEngine\World\Streamer\CheckpointWrapper.hpp">
      <Filter>Header Files\World\Streamer\Wrappers</Filter>
    </ClInclude>
    <ClInclude Include="include\SAMP-EDGEngine\Server\PlayerTextDrawPanel.hpp">
      <Filter>Header Files\Server\TextDraw</Filter>
    </ClInclude>
    <ClInclude Include="include\SAMP-EDGEngine\Server\PlayerTextDraw.hpp">
      <Filter>Header Files\Server\TextDraw</Filter>
    </ClInclude>
    <ClInclude Include="include\SAMP-EDGEngine\Server\GlobalTextDrawPanel.hpp">
      <Filter>Header Files\Server\TextDraw</Filter>
    </ClInclude>
    <ClInclude Include="include\SAMP-EDGEngine\Server\GlobalTextDraw.hpp">
      <Filter>Header Files\Server\TextDraw</Filter>
    </ClInclude>
    <ClInclude Include="include\SAMP-EDGEngine\Server\TextDraw.hpp">
      <Filter>Header Files\Server\TextDraw</Filter>
    </ClInclude>
    <ClInclude Include="include\SAMP-EDGEngine\World\Streamer\RaceCheckpointWrapper.hpp">
      <Filter>Header Files\World\Streamer\Wrappers</Filter>
    </ClInclude>
    <ClInclude Include="include\SAMP-EDGEngine\Server\TextDrawOwner.hpp">
      <Filter>Header Files\Server\TextDraw</Filter>
    </ClInclude>
    <ClInclude Include="include\SAMP-EDGEngine\Server\Dialog.hpp">
      <Filter>Header Files\Server\Player</Filter>
    </ClInclude>
    <ClInclude Include="include\SAMP-EDGEngine\Core\TypesAndDefinitions.inl">
      <Filter>Header Files\Core</Filter>
    </ClInclude>
    <ClInclude Include="include\SAMP-EDGEngine\Core\TypesAndDefinitions.hpp">
      <Filter>Header Files</Filter>
    </ClInclude>
    <ClInclude Include="include\SAMP-EDGEngine\Core\Pointers.inl">
      <Filter>Header Files\Core</Filter>
    </ClInclude>
    <ClInclude Include="include\SAMP-EDGEngine\Core\Pointers.hpp">
      <Filter>Header Files</Filter>
    </ClInclude>
  </ItemGroup>
  <ItemGroup>
    <ClCompile Include="..\Dependencies\sampgdk\amxplugin.cpp">
      <Filter>DependenciesBuild\SampGDK</Filter>
    </ClCompile>
    <ClCompile Include="..\Dependencies\sampgdk\sampgdk.c">
      <Filter>DependenciesBuild\SampGDK</Filter>
    </ClCompile>
    <ClCompile Include="src\SAMP-EDGEngine\Core\BasicInterfaces\PlacementTracker.cpp">
      <Filter>Source Files\Core\BasicInterfaces</Filter>
    </ClCompile>
    <ClCompile Include="src\SAMP-EDGEngine\Core\Text\ASCII.cpp">
      <Filter>Source Files\Core\Text</Filter>
    </ClCompile>
    <ClCompile Include="src\SAMP-EDGEngine\Core\Actions.cpp">
      <Filter>Source Files\Core</Filter>
    </ClCompile>
    <ClCompile Include="src\SAMP-EDGEngine\Core\Clock.cpp">
      <Filter>Source Files\Core</Filter>
    </ClCompile>
    <ClCompile Include="src\SAMP-EDGEngine\Core\Color.cpp">
      <Filter>Source Files\Core</Filter>
    </ClCompile>
    <ClCompile Include="src\SAMP-EDGEngine\Server\Chat.cpp">
      <Filter>Source Files\Server</Filter>
    </ClCompile>
    <ClCompile Include="src\SAMP-EDGEngine\Server\Command.cpp">
      <Filter>Source Files\Server\Command</Filter>
    </ClCompile>
    <ClCompile Include="src\SAMP-EDGEngine\Server\CommandManager.cpp">
      <Filter>Source Files\Server\Command</Filter>
    </ClCompile>
    <ClCompile Include="src\SAMP-EDGEngine\Server\GameMode.cpp">
      <Filter>Source Files\Server</Filter>
    </ClCompile>
    <ClCompile Include="src\SAMP-EDGEngine\Server\Keyboard.cpp">
      <Filter>Source Files\Server\Player</Filter>
    </ClCompile>
    <ClCompile Include="src\SAMP-EDGEngine\Server\Player.cpp">
      <Filter>Source Files\Server\Player</Filter>
    </ClCompile>
    <ClCompile Include="src\SAMP-EDGEngine\Server\PlayerPool.cpp">
      <Filter>Source Files\Server\Player</Filter>
    </ClCompile>
    <ClCompile Include="src\SAMP-EDGEngine\Server\Server.cpp">
      <Filter>Source Files\Server</Filter>
    </ClCompile>
    <ClCompile Include="src\SAMP-EDGEngine\Server\Weapon.cpp">
      <Filter>Source Files\Server</Filter>
    </ClCompile>
    <ClCompile Include="src\SAMP-EDGEngine\World\Streamer\Chunk.cpp">
      <Filter>Source Files\World\Streamer</Filter>
    </ClCompile>
    <ClCompile Include="src\SAMP-EDGEngine\World\Streamer\ChunkActor.cpp">
      <Filter>Source Files\World\Streamer</Filter>
    </ClCompile>
    <ClCompile Include="src\SAMP-EDGEngine\World\Streamer\GlobalActorWrapper.cpp">
      <Filter>Source Files\World\Streamer\Wrappers</Filter>
    </ClCompile>
    <ClCompile Include="src\SAMP-EDGEngine\World\Streamer\GlobalObjectWrapper.cpp">
      <Filter>Source Files\World\Streamer\Wrappers</Filter>
    </ClCompile>
    <ClCompile Include="src\SAMP-EDGEngine\World\Streamer\PersonalObjectWrapper.cpp">
      <Filter>Source Files\World\Streamer\Wrappers</Filter>
    </ClCompile>
    <ClCompile Include="src\SAMP-EDGEngine\World\Streamer\PlayerWrapper.cpp">
      <Filter>Source Files\World\Streamer\Wrappers</Filter>
    </ClCompile>
    <ClCompile Include="src\SAMP-EDGEngine\World\Streamer\Streamer.cpp">
      <Filter>Source Files\World\Streamer</Filter>
    </ClCompile>
    <ClCompile Include="src\SAMP-EDGEngine\World\Streamer\UniversalObjectWrapper.cpp">
      <Filter>Source Files\World\Streamer\Wrappers</Filter>
    </ClCompile>
    <ClCompile Include="src\SAMP-EDGEngine\World\Streamer\VehicleWrapper.cpp">
      <Filter>Source Files\World\Streamer\Wrappers</Filter>
    </ClCompile>
    <ClCompile Include="src\SAMP-EDGEngine\World\3DNode.cpp">
      <Filter>Source Files\World\Node</Filter>
    </ClCompile>
    <ClCompile Include="src\SAMP-EDGEngine\World\GangZone.cpp">
      <Filter>Source Files\World</Filter>
    </ClCompile>
    <ClCompile Include="src\SAMP-EDGEngine\World\GlobalObject.cpp">
      <Filter>Source Files\World\MapObject</Filter>
    </ClCompile>
    <ClCompile Include="src\SAMP-EDGEngine\World\Map.cpp">
      <Filter>Source Files\World</Filter>
    </ClCompile>
    <ClCompile Include="src\SAMP-EDGEngine\World\MapObject.cpp">
      <Filter>Source Files\World</Filter>
    </ClCompile>
    <ClCompile Include="src\SAMP-EDGEngine\World\PerPlayerObject.cpp">
      <Filter>Source Files\World\MapObject</Filter>
    </ClCompile>
    <ClCompile Include="src\SAMP-EDGEngine\World\PersonalObject.cpp">
      <Filter>Source Files\World\MapObject</Filter>
    </ClCompile>
    <ClCompile Include="src\SAMP-EDGEngine\World\Scene.cpp">
      <Filter>Source Files\World</Filter>
    </ClCompile>
    <ClCompile Include="src\SAMP-EDGEngine\World\UniversalObject.cpp">
      <Filter>Source Files\World\MapObject</Filter>
    </ClCompile>
    <ClCompile Include="src\SAMP-EDGEngine\World\Vehicle.cpp">
      <Filter>Source Files\World</Filter>
    </ClCompile>
    <ClCompile Include="src\SAMP-EDGEngine\World\WI3DNode.cpp">
      <Filter>Source Files\World\Node</Filter>
    </ClCompile>
    <ClCompile Include="EnginePCH.cpp">
      <Filter>Precompiled Header</Filter>
    </ClCompile>
    <ClCompile Include="src\SAMP-EDGEngine\World\Checkpoint.cpp">
      <Filter>Source Files\World</Filter>
    </ClCompile>
    <ClCompile Include="src\SAMP-EDGEngine\World\RaceCheckpoint.cpp">
      <Filter>Source Files\World</Filter>
    </ClCompile>
    <ClCompile Include="src\SAMP-EDGEngine\World\WI3DStreamableNode.cpp">
      <Filter>Source Files\World\Node</Filter>
    </ClCompile>
    <ClCompile Include="src\SAMP-EDGEngine\World\Streamer\CheckpointWrapper.cpp">
      <Filter>Source Files\World\Streamer\Wrappers</Filter>
    </ClCompile>
    <ClCompile Include="src\SAMP-EDGEngine\Server\PlayerTextDrawPanel.cpp">
      <Filter>Source Files\Server\TextDraw</Filter>
    </ClCompile>
    <ClCompile Include="src\SAMP-EDGEngine\Server\PlayerTextDraw.cpp">
      <Filter>Source Files\Server\TextDraw</Filter>
    </ClCompile>
    <ClCompile Include="src\SAMP-EDGEngine\Server\GlobalTextDrawPanel.cpp">
      <Filter>Source Files\Server\TextDraw</Filter>
    </ClCompile>
    <ClCompile Include="src\SAMP-EDGEngine\Server\GlobalTextDraw.cpp">
      <Filter>Source Files\Server\TextDraw</Filter>
    </ClCompile>
    <ClCompile Include="src\SAMP-EDGEngine\Server\TextDraw.cpp">
      <Filter>Source Files\Server\TextDraw</Filter>
    </ClCompile>
    <ClCompile Include="src\SAMP-EDGEngine\Server\TextDrawOwner.cpp">
      <Filter>Source Files\Server\TextDraw</Filter>
    </ClCompile>
    <ClCompile Include="src\SAMP-EDGEngine\Server\Dialog.cpp">
      <Filter>Source Files\Server\Player</Filter>
    </ClCompile>
  </ItemGroup>
  <ItemGroup>
    <None Include="include\SAMP-EDGEngine\Core\Text\ASCII.inl">
      <Filter>Header Files\Core\Text</Filter>
    </None>
    <None Include="include\SAMP-EDGEngine\Core\Text\StreamAlgorithm.inl">
      <Filter>Header Files\Core\Text</Filter>
    </None>
    <None Include="include\SAMP-EDGEngine\Core\Text\TokenIterator.inl">
      <Filter>Header Files\Core\Text</Filter>
    </None>
    <None Include="include\SAMP-EDGEngine\Core\ContainerInc.hpp">
      <Filter>Header Files\Core</Filter>
    </None>
  </ItemGroup>
  <ItemGroup>
    <Text Include="TODO.md" />
  </ItemGroup>
</Project>