<?xml version="1.0" encoding="utf-8"?>
<Project ToolsVersion="4.0" xmlns="http://schemas.microsoft.com/developer/msbuild/2003">
  <ItemGroup>
    <Filter Include="Source Files">
      <UniqueIdentifier>{4FC737F1-C7A5-4376-A066-2A32D752A2FF}</UniqueIdentifier>
      <Extensions>cpp;c;cc;cxx;def;odl;idl;hpj;bat;asm;asmx</Extensions>
    </Filter>
    <Filter Include="Header Files">
      <UniqueIdentifier>{93995380-89BD-4b04-88EB-625FBE52EBFB}</UniqueIdentifier>
      <Extensions>h;hh;hpp;hxx;hm;inl;inc;ipp;xsd</Extensions>
    </Filter>
    <Filter Include="Resource Files">
      <UniqueIdentifier>{67DA6AB6-F800-4c08-8B7A-83BB121AAD01}</UniqueIdentifier>
      <Extensions>rc;ico;cur;bmp;dlg;rc2;rct;bin;rgs;gif;jpg;jpeg;jpe;resx;tiff;tif;png;wav;mfcribbon-ms</Extensions>
    </Filter>
    <Filter Include="Precompiled header">
      <UniqueIdentifier>{3a5d7451-3c78-4cf1-8a27-567ed4fa1cf6}</UniqueIdentifier>
    </Filter>
  </ItemGroup>
  <ItemGroup>
    <ClInclude Include="TextPCH.hpp">
      <Filter>Precompiled header</Filter>
    </ClInclude>
    <ClInclude Include="include\Text\ASCII.hpp">
      <Filter>Header Files</Filter>
    </ClInclude>
    <ClInclude Include="include\Text\Essentials.hpp">
      <Filter>Header Files</Filter>
    </ClInclude>
    <ClInclude Include="include\Text\TokenIterator.hpp">
      <Filter>Header Files</Filter>
    </ClInclude>
    <ClInclude Include="include\Text\StreamAlgorithm.hpp">
      <Filter>Header Files</Filter>
    </ClInclude>
  </ItemGroup>
  <ItemGroup>
    <ClCompile Include="TextPCH.cpp">
      <Filter>Precompiled header</Filter>
    </ClCompile>
    <ClCompile Include="src\Text\Main.cpp">
      <Filter>Source Files</Filter>
    </ClCompile>
    <ClCompile Include="src\Text\ASCII.cpp">
      <Filter>Source Files</Filter>
    </ClCompile>
  </ItemGroup>
  <ItemGroup>
    <None Include="include\Text\TokenIterator.inl">
      <Filter>Header Files</Filter>
    </None>
    <None Include="include\Text\ASCII.inl">
      <Filter>Header Files</Filter>
    </None>
    <None Include="include\Text\StreamAlgorithm.inl">
      <Filter>Header Files</Filter>
    </None>
  </ItemGroup>
</Project>